Microsoft Visual Studio Solution File, Format Version 12.00
# Visual Studio 15
VisualStudioVersion = 15.0.27130.2026
MinimumVisualStudioVersion = 10.0.40219.1
Project("{2150E333-8FDC-42A3-9474-1A3956D46DE8}") = "src", "src", "{1B5AA2C7-A40E-46C8-9FA1-10615BE120BF}"
EndProject
Project("{9A19103F-16F7-4668-BE54-9A1E7A4F7556}") = "MathSite", "src\MathSite\MathSite.csproj", "{9D2BE8FF-D348-46F8-A1F6-714A2643F0E4}"
EndProject
Project("{9A19103F-16F7-4668-BE54-9A1E7A4F7556}") = "MathSite.Db", "src\MathSite.Db\MathSite.Db.csproj", "{1EDC5F07-5B9F-4823-B631-A7C4A7731368}"
EndProject
Project("{9A19103F-16F7-4668-BE54-9A1E7A4F7556}") = "MathSite.Entities", "src\MathSite.Entities\MathSite.Entities.csproj", "{61F6E6C3-8264-46E0-A64C-F8B8FA243D1E}"
EndProject
Project("{9A19103F-16F7-4668-BE54-9A1E7A4F7556}") = "MathSite.Common", "src\MathSite.Common\MathSite.Common.csproj", "{A6F1ED77-50FC-4D0E-8135-39BAB8A8333E}"
EndProject
Project("{2150E333-8FDC-42A3-9474-1A3956D46DE8}") = "tests", "tests", "{5EE503D8-01C7-4CCB-8926-CAF3CC5D2B69}"
EndProject
Project("{9A19103F-16F7-4668-BE54-9A1E7A4F7556}") = "MathSite.Tests.Common", "tests\MathSite.Tests.Common\MathSite.Tests.Common.csproj", "{07F5F73C-AE57-4212-99E9-A179923A7B08}"
EndProject
Project("{9A19103F-16F7-4668-BE54-9A1E7A4F7556}") = "Seeder", "tools\Seeder\Seeder.csproj", "{91854032-8808-4468-8335-7FBB22E870B2}"
EndProject
Project("{9A19103F-16F7-4668-BE54-9A1E7A4F7556}") = "MathSite.Facades", "src\MathSite.Facades\MathSite.Facades.csproj", "{87FC64FA-4653-4D55-89C5-F6DC4265D690}"
EndProject
Project("{9A19103F-16F7-4668-BE54-9A1E7A4F7556}") = "MathSite.Tests.Facades", "tests\MathSite.Tests.Facades\MathSite.Tests.Facades.csproj", "{3DF20AA5-3BE7-4187-B54E-5C2112DB4373}"
EndProject
Project("{9A19103F-16F7-4668-BE54-9A1E7A4F7556}") = "MathSite.Tests.CoreThings", "tests\MathSite.Tests.CoreThings\MathSite.Tests.CoreThings.csproj", "{9438585B-53EA-455F-A93B-4774F676B8E8}"
EndProject
Project("{9A19103F-16F7-4668-BE54-9A1E7A4F7556}") = "MathSite.ViewModels", "src\MathSite.ViewModels\MathSite.ViewModels.csproj", "{2FD31761-D2B9-466B-87D1-C78F5F100B10}"
EndProject
Project("{9A19103F-16F7-4668-BE54-9A1E7A4F7556}") = "MathSite.BasicAdmin.ViewModels", "src\MathSite.BasicAdmin.ViewModels\MathSite.BasicAdmin.ViewModels.csproj", "{C9CDCF22-FFA0-4197-931E-4EE0CFC454D6}"
EndProject
Project("{9A19103F-16F7-4668-BE54-9A1E7A4F7556}") = "MathSite.Repository", "src\MathSite.Repository\MathSite.Repository.csproj", "{D5A20D98-9BD2-4868-8404-760DEB748C13}"
EndProject
Project("{9A19103F-16F7-4668-BE54-9A1E7A4F7556}") = "MathSite.Specifications", "src\MathSite.Specifications\MathSite.Specifications.csproj", "{55F4B64E-31F7-424B-A092-721CAC31D08F}"
EndProject
Project("{9A19103F-16F7-4668-BE54-9A1E7A4F7556}") = "NewsImporter", "tools\NewsImporter\NewsImporter.csproj", "{1901E1F4-5723-4DFC-83C7-48B2C8917D7F}"
EndProject
Project("{9A19103F-16F7-4668-BE54-9A1E7A4F7556}") = "StaticImporter", "tools\StaticImporter\StaticImporter.csproj", "{ED684301-CF23-4C7A-A4E5-22DE9061AA39}"
EndProject
Project("{2150E333-8FDC-42A3-9474-1A3956D46DE8}") = "tools", "tools", "{8035A078-5C3D-4DA2-B469-EC127B95F5AE}"
EndProject
Project("{2150E333-8FDC-42A3-9474-1A3956D46DE8}") = "Solution Items", "Solution Items", "{B16D3691-25D2-49D8-BC7E-E38CFE15312C}"
	ProjectSection(SolutionItems) = preProject
		.travis.yml = .travis.yml
		appveyor.yml = appveyor.yml
		README.md = README.md
	EndProjectSection
EndProject
Project("{FAE04EC0-301F-11D3-BF4B-00C04F79EFBC}") = "KeyGenerator", "KeyGenerator\KeyGenerator.csproj", "{DEB10EA9-A6FA-4DDB-8633-92EB6A178459}"
EndProject
Global
	GlobalSection(SolutionConfigurationPlatforms) = preSolution
		Debug|Any CPU = Debug|Any CPU
		Release|Any CPU = Release|Any CPU
	EndGlobalSection
	GlobalSection(ProjectConfigurationPlatforms) = postSolution
		{9D2BE8FF-D348-46F8-A1F6-714A2643F0E4}.Debug|Any CPU.ActiveCfg = Debug|Any CPU
		{9D2BE8FF-D348-46F8-A1F6-714A2643F0E4}.Debug|Any CPU.Build.0 = Debug|Any CPU
		{9D2BE8FF-D348-46F8-A1F6-714A2643F0E4}.Release|Any CPU.ActiveCfg = Release|Any CPU
		{9D2BE8FF-D348-46F8-A1F6-714A2643F0E4}.Release|Any CPU.Build.0 = Release|Any CPU
		{1EDC5F07-5B9F-4823-B631-A7C4A7731368}.Debug|Any CPU.ActiveCfg = Debug|Any CPU
		{1EDC5F07-5B9F-4823-B631-A7C4A7731368}.Debug|Any CPU.Build.0 = Debug|Any CPU
		{1EDC5F07-5B9F-4823-B631-A7C4A7731368}.Release|Any CPU.ActiveCfg = Release|Any CPU
		{1EDC5F07-5B9F-4823-B631-A7C4A7731368}.Release|Any CPU.Build.0 = Release|Any CPU
		{61F6E6C3-8264-46E0-A64C-F8B8FA243D1E}.Debug|Any CPU.ActiveCfg = Debug|Any CPU
		{61F6E6C3-8264-46E0-A64C-F8B8FA243D1E}.Debug|Any CPU.Build.0 = Debug|Any CPU
		{61F6E6C3-8264-46E0-A64C-F8B8FA243D1E}.Release|Any CPU.ActiveCfg = Release|Any CPU
		{61F6E6C3-8264-46E0-A64C-F8B8FA243D1E}.Release|Any CPU.Build.0 = Release|Any CPU
		{A6F1ED77-50FC-4D0E-8135-39BAB8A8333E}.Debug|Any CPU.ActiveCfg = Debug|Any CPU
		{A6F1ED77-50FC-4D0E-8135-39BAB8A8333E}.Debug|Any CPU.Build.0 = Debug|Any CPU
		{A6F1ED77-50FC-4D0E-8135-39BAB8A8333E}.Release|Any CPU.ActiveCfg = Release|Any CPU
		{A6F1ED77-50FC-4D0E-8135-39BAB8A8333E}.Release|Any CPU.Build.0 = Release|Any CPU
		{07F5F73C-AE57-4212-99E9-A179923A7B08}.Debug|Any CPU.ActiveCfg = Debug|Any CPU
		{07F5F73C-AE57-4212-99E9-A179923A7B08}.Debug|Any CPU.Build.0 = Debug|Any CPU
		{07F5F73C-AE57-4212-99E9-A179923A7B08}.Release|Any CPU.ActiveCfg = Release|Any CPU
		{07F5F73C-AE57-4212-99E9-A179923A7B08}.Release|Any CPU.Build.0 = Release|Any CPU
		{91854032-8808-4468-8335-7FBB22E870B2}.Debug|Any CPU.ActiveCfg = Debug|Any CPU
		{91854032-8808-4468-8335-7FBB22E870B2}.Debug|Any CPU.Build.0 = Debug|Any CPU
		{91854032-8808-4468-8335-7FBB22E870B2}.Release|Any CPU.ActiveCfg = Release|Any CPU
		{91854032-8808-4468-8335-7FBB22E870B2}.Release|Any CPU.Build.0 = Release|Any CPU
		{87FC64FA-4653-4D55-89C5-F6DC4265D690}.Debug|Any CPU.ActiveCfg = Debug|Any CPU
		{87FC64FA-4653-4D55-89C5-F6DC4265D690}.Debug|Any CPU.Build.0 = Debug|Any CPU
		{87FC64FA-4653-4D55-89C5-F6DC4265D690}.Release|Any CPU.ActiveCfg = Release|Any CPU
		{87FC64FA-4653-4D55-89C5-F6DC4265D690}.Release|Any CPU.Build.0 = Release|Any CPU
		{3DF20AA5-3BE7-4187-B54E-5C2112DB4373}.Debug|Any CPU.ActiveCfg = Debug|Any CPU
		{3DF20AA5-3BE7-4187-B54E-5C2112DB4373}.Debug|Any CPU.Build.0 = Debug|Any CPU
		{3DF20AA5-3BE7-4187-B54E-5C2112DB4373}.Release|Any CPU.ActiveCfg = Release|Any CPU
		{3DF20AA5-3BE7-4187-B54E-5C2112DB4373}.Release|Any CPU.Build.0 = Release|Any CPU
		{9438585B-53EA-455F-A93B-4774F676B8E8}.Debug|Any CPU.ActiveCfg = Debug|Any CPU
		{9438585B-53EA-455F-A93B-4774F676B8E8}.Debug|Any CPU.Build.0 = Debug|Any CPU
		{9438585B-53EA-455F-A93B-4774F676B8E8}.Release|Any CPU.ActiveCfg = Release|Any CPU
		{9438585B-53EA-455F-A93B-4774F676B8E8}.Release|Any CPU.Build.0 = Release|Any CPU
		{2FD31761-D2B9-466B-87D1-C78F5F100B10}.Debug|Any CPU.ActiveCfg = Debug|Any CPU
		{2FD31761-D2B9-466B-87D1-C78F5F100B10}.Debug|Any CPU.Build.0 = Debug|Any CPU
		{2FD31761-D2B9-466B-87D1-C78F5F100B10}.Release|Any CPU.ActiveCfg = Release|Any CPU
		{2FD31761-D2B9-466B-87D1-C78F5F100B10}.Release|Any CPU.Build.0 = Release|Any CPU
		{C9CDCF22-FFA0-4197-931E-4EE0CFC454D6}.Debug|Any CPU.ActiveCfg = Debug|Any CPU
		{C9CDCF22-FFA0-4197-931E-4EE0CFC454D6}.Debug|Any CPU.Build.0 = Debug|Any CPU
		{C9CDCF22-FFA0-4197-931E-4EE0CFC454D6}.Release|Any CPU.ActiveCfg = Release|Any CPU
		{C9CDCF22-FFA0-4197-931E-4EE0CFC454D6}.Release|Any CPU.Build.0 = Release|Any CPU
		{D5A20D98-9BD2-4868-8404-760DEB748C13}.Debug|Any CPU.ActiveCfg = Debug|Any CPU
		{D5A20D98-9BD2-4868-8404-760DEB748C13}.Debug|Any CPU.Build.0 = Debug|Any CPU
		{D5A20D98-9BD2-4868-8404-760DEB748C13}.Release|Any CPU.ActiveCfg = Release|Any CPU
		{D5A20D98-9BD2-4868-8404-760DEB748C13}.Release|Any CPU.Build.0 = Release|Any CPU
		{55F4B64E-31F7-424B-A092-721CAC31D08F}.Debug|Any CPU.ActiveCfg = Debug|Any CPU
		{55F4B64E-31F7-424B-A092-721CAC31D08F}.Debug|Any CPU.Build.0 = Debug|Any CPU
		{55F4B64E-31F7-424B-A092-721CAC31D08F}.Release|Any CPU.ActiveCfg = Release|Any CPU
		{55F4B64E-31F7-424B-A092-721CAC31D08F}.Release|Any CPU.Build.0 = Release|Any CPU
		{1901E1F4-5723-4DFC-83C7-48B2C8917D7F}.Debug|Any CPU.ActiveCfg = Debug|Any CPU
		{1901E1F4-5723-4DFC-83C7-48B2C8917D7F}.Debug|Any CPU.Build.0 = Debug|Any CPU
		{1901E1F4-5723-4DFC-83C7-48B2C8917D7F}.Release|Any CPU.ActiveCfg = Release|Any CPU
		{1901E1F4-5723-4DFC-83C7-48B2C8917D7F}.Release|Any CPU.Build.0 = Release|Any CPU
		{ED684301-CF23-4C7A-A4E5-22DE9061AA39}.Debug|Any CPU.ActiveCfg = Debug|Any CPU
		{ED684301-CF23-4C7A-A4E5-22DE9061AA39}.Debug|Any CPU.Build.0 = Debug|Any CPU
		{ED684301-CF23-4C7A-A4E5-22DE9061AA39}.Release|Any CPU.ActiveCfg = Release|Any CPU
		{ED684301-CF23-4C7A-A4E5-22DE9061AA39}.Release|Any CPU.Build.0 = Release|Any CPU
		{DEB10EA9-A6FA-4DDB-8633-92EB6A178459}.Debug|Any CPU.ActiveCfg = Debug|Any CPU
		{DEB10EA9-A6FA-4DDB-8633-92EB6A178459}.Debug|Any CPU.Build.0 = Debug|Any CPU
		{DEB10EA9-A6FA-4DDB-8633-92EB6A178459}.Release|Any CPU.ActiveCfg = Release|Any CPU
		{DEB10EA9-A6FA-4DDB-8633-92EB6A178459}.Release|Any CPU.Build.0 = Release|Any CPU
	EndGlobalSection
	GlobalSection(SolutionProperties) = preSolution
		HideSolutionNode = FALSE
	EndGlobalSection
	GlobalSection(NestedProjects) = preSolution
		{9D2BE8FF-D348-46F8-A1F6-714A2643F0E4} = {1B5AA2C7-A40E-46C8-9FA1-10615BE120BF}
		{1EDC5F07-5B9F-4823-B631-A7C4A7731368} = {1B5AA2C7-A40E-46C8-9FA1-10615BE120BF}
		{61F6E6C3-8264-46E0-A64C-F8B8FA243D1E} = {1B5AA2C7-A40E-46C8-9FA1-10615BE120BF}
		{A6F1ED77-50FC-4D0E-8135-39BAB8A8333E} = {1B5AA2C7-A40E-46C8-9FA1-10615BE120BF}
		{07F5F73C-AE57-4212-99E9-A179923A7B08} = {5EE503D8-01C7-4CCB-8926-CAF3CC5D2B69}
		{91854032-8808-4468-8335-7FBB22E870B2} = {8035A078-5C3D-4DA2-B469-EC127B95F5AE}
		{87FC64FA-4653-4D55-89C5-F6DC4265D690} = {1B5AA2C7-A40E-46C8-9FA1-10615BE120BF}
		{3DF20AA5-3BE7-4187-B54E-5C2112DB4373} = {5EE503D8-01C7-4CCB-8926-CAF3CC5D2B69}
		{9438585B-53EA-455F-A93B-4774F676B8E8} = {5EE503D8-01C7-4CCB-8926-CAF3CC5D2B69}
		{2FD31761-D2B9-466B-87D1-C78F5F100B10} = {1B5AA2C7-A40E-46C8-9FA1-10615BE120BF}
		{C9CDCF22-FFA0-4197-931E-4EE0CFC454D6} = {1B5AA2C7-A40E-46C8-9FA1-10615BE120BF}
		{D5A20D98-9BD2-4868-8404-760DEB748C13} = {1B5AA2C7-A40E-46C8-9FA1-10615BE120BF}
		{55F4B64E-31F7-424B-A092-721CAC31D08F} = {1B5AA2C7-A40E-46C8-9FA1-10615BE120BF}
		{1901E1F4-5723-4DFC-83C7-48B2C8917D7F} = {8035A078-5C3D-4DA2-B469-EC127B95F5AE}
		{ED684301-CF23-4C7A-A4E5-22DE9061AA39} = {8035A078-5C3D-4DA2-B469-EC127B95F5AE}
		{DEB10EA9-A6FA-4DDB-8633-92EB6A178459} = {8035A078-5C3D-4DA2-B469-EC127B95F5AE}
	EndGlobalSection
	GlobalSection(ExtensibilityGlobals) = postSolution
		SolutionGuid = {60371265-2075-4C7E-A7A5-05873AAB4A04}
		        SolutionGuid = {FAFEA99C-7A5E-4112-B12C-3C466EF23980}
	EndGlobalSection
EndGlobal
