Microsoft Visual Studio Solution File, Format Version 12.00
# Visual Studio 15
VisualStudioVersion = 15.0.26430.16
MinimumVisualStudioVersion = 10.0.40219.1
Project("{2150E333-8FDC-42A3-9474-1A3956D46DE8}") = "src", "src", "{1B5AA2C7-A40E-46C8-9FA1-10615BE120BF}"
EndProject
Project("{9A19103F-16F7-4668-BE54-9A1E7A4F7556}") = "MathSite", "src\MathSite\MathSite.csproj", "{9D2BE8FF-D348-46F8-A1F6-714A2643F0E4}"
EndProject
Project("{9A19103F-16F7-4668-BE54-9A1E7A4F7556}") = "MathSite.Db", "src\MathSite.Db\MathSite.Db.csproj", "{1EDC5F07-5B9F-4823-B631-A7C4A7731368}"
EndProject
Project("{9A19103F-16F7-4668-BE54-9A1E7A4F7556}") = "MathSite.Entities", "src\MathSite.Models\MathSite.Entities.csproj", "{61F6E6C3-8264-46E0-A64C-F8B8FA243D1E}"
EndProject
Project("{9A19103F-16F7-4668-BE54-9A1E7A4F7556}") = "MathSite.Common", "src\MathSite.Common\MathSite.Common.csproj", "{A6F1ED77-50FC-4D0E-8135-39BAB8A8333E}"
EndProject
Project("{9A19103F-16F7-4668-BE54-9A1E7A4F7556}") = "MathSite.Domain", "src\MathSite.Domain\MathSite.Domain.csproj", "{3DDE4BE7-E988-4077-BC51-20D4C9D09499}"
EndProject
Project("{2150E333-8FDC-42A3-9474-1A3956D46DE8}") = "tests", "tests", "{5EE503D8-01C7-4CCB-8926-CAF3CC5D2B69}"
EndProject
Project("{9A19103F-16F7-4668-BE54-9A1E7A4F7556}") = "MathSite.Tests.Common", "tests\MathSite.Tests.Common\MathSite.Tests.Common.csproj", "{07F5F73C-AE57-4212-99E9-A179923A7B08}"
EndProject
Project("{FAE04EC0-301F-11D3-BF4B-00C04F79EFBC}") = "MathSite.Tests.Domain", "tests\MathSite.Tests.Domain\MathSite.Tests.Domain.csproj", "{7CC81FE7-F74C-4438-848F-E265980BA558}"
EndProject
Global
	GlobalSection(SolutionConfigurationPlatforms) = preSolution
		Debug|Any CPU = Debug|Any CPU
		Release|Any CPU = Release|Any CPU
	EndGlobalSection
	GlobalSection(ProjectConfigurationPlatforms) = postSolution
		{9D2BE8FF-D348-46F8-A1F6-714A2643F0E4}.Debug|Any CPU.ActiveCfg = Debug|Any CPU
		{9D2BE8FF-D348-46F8-A1F6-714A2643F0E4}.Debug|Any CPU.Build.0 = Debug|Any CPU
		{9D2BE8FF-D348-46F8-A1F6-714A2643F0E4}.Release|Any CPU.ActiveCfg = Release|Any CPU
		{9D2BE8FF-D348-46F8-A1F6-714A2643F0E4}.Release|Any CPU.Build.0 = Release|Any CPU
		{1EDC5F07-5B9F-4823-B631-A7C4A7731368}.Debug|Any CPU.ActiveCfg = Debug|Any CPU
		{1EDC5F07-5B9F-4823-B631-A7C4A7731368}.Debug|Any CPU.Build.0 = Debug|Any CPU
		{1EDC5F07-5B9F-4823-B631-A7C4A7731368}.Release|Any CPU.ActiveCfg = Release|Any CPU
		{1EDC5F07-5B9F-4823-B631-A7C4A7731368}.Release|Any CPU.Build.0 = Release|Any CPU
		{61F6E6C3-8264-46E0-A64C-F8B8FA243D1E}.Debug|Any CPU.ActiveCfg = Debug|Any CPU
		{61F6E6C3-8264-46E0-A64C-F8B8FA243D1E}.Debug|Any CPU.Build.0 = Debug|Any CPU
		{61F6E6C3-8264-46E0-A64C-F8B8FA243D1E}.Release|Any CPU.ActiveCfg = Release|Any CPU
		{61F6E6C3-8264-46E0-A64C-F8B8FA243D1E}.Release|Any CPU.Build.0 = Release|Any CPU
		{A6F1ED77-50FC-4D0E-8135-39BAB8A8333E}.Debug|Any CPU.ActiveCfg = Debug|Any CPU
		{A6F1ED77-50FC-4D0E-8135-39BAB8A8333E}.Debug|Any CPU.Build.0 = Debug|Any CPU
		{A6F1ED77-50FC-4D0E-8135-39BAB8A8333E}.Release|Any CPU.ActiveCfg = Release|Any CPU
		{A6F1ED77-50FC-4D0E-8135-39BAB8A8333E}.Release|Any CPU.Build.0 = Release|Any CPU
		{3DDE4BE7-E988-4077-BC51-20D4C9D09499}.Debug|Any CPU.ActiveCfg = Debug|Any CPU
		{3DDE4BE7-E988-4077-BC51-20D4C9D09499}.Debug|Any CPU.Build.0 = Debug|Any CPU
		{3DDE4BE7-E988-4077-BC51-20D4C9D09499}.Release|Any CPU.ActiveCfg = Release|Any CPU
		{3DDE4BE7-E988-4077-BC51-20D4C9D09499}.Release|Any CPU.Build.0 = Release|Any CPU
		{07F5F73C-AE57-4212-99E9-A179923A7B08}.Debug|Any CPU.ActiveCfg = Debug|Any CPU
		{07F5F73C-AE57-4212-99E9-A179923A7B08}.Debug|Any CPU.Build.0 = Debug|Any CPU
		{07F5F73C-AE57-4212-99E9-A179923A7B08}.Release|Any CPU.ActiveCfg = Release|Any CPU
		{07F5F73C-AE57-4212-99E9-A179923A7B08}.Release|Any CPU.Build.0 = Release|Any CPU
		{7CC81FE7-F74C-4438-848F-E265980BA558}.Debug|Any CPU.ActiveCfg = Debug|Any CPU
		{7CC81FE7-F74C-4438-848F-E265980BA558}.Debug|Any CPU.Build.0 = Debug|Any CPU
		{7CC81FE7-F74C-4438-848F-E265980BA558}.Release|Any CPU.ActiveCfg = Release|Any CPU
		{7CC81FE7-F74C-4438-848F-E265980BA558}.Release|Any CPU.Build.0 = Release|Any CPU
	EndGlobalSection
	GlobalSection(SolutionProperties) = preSolution
		HideSolutionNode = FALSE
	EndGlobalSection
	GlobalSection(NestedProjects) = preSolution
		{9D2BE8FF-D348-46F8-A1F6-714A2643F0E4} = {1B5AA2C7-A40E-46C8-9FA1-10615BE120BF}
		{1EDC5F07-5B9F-4823-B631-A7C4A7731368} = {1B5AA2C7-A40E-46C8-9FA1-10615BE120BF}
		{61F6E6C3-8264-46E0-A64C-F8B8FA243D1E} = {1B5AA2C7-A40E-46C8-9FA1-10615BE120BF}
		{A6F1ED77-50FC-4D0E-8135-39BAB8A8333E} = {1B5AA2C7-A40E-46C8-9FA1-10615BE120BF}
		{3DDE4BE7-E988-4077-BC51-20D4C9D09499} = {1B5AA2C7-A40E-46C8-9FA1-10615BE120BF}
		{07F5F73C-AE57-4212-99E9-A179923A7B08} = {5EE503D8-01C7-4CCB-8926-CAF3CC5D2B69}
		{7CC81FE7-F74C-4438-848F-E265980BA558} = {5EE503D8-01C7-4CCB-8926-CAF3CC5D2B69}
	EndGlobalSection
EndGlobal
